// !$*UTF8*$!
{
	archiveVersion = 1;
	classes = {
	};
	objectVersion = 56;
	objects = {

/* Begin PBXBuildFile section */
		9D7272672C2A5AAA00503BD9 /* AppDelegate.swift in Sources */ = {isa = PBXBuildFile; fileRef = 9D7272662C2A5AAA00503BD9 /* AppDelegate.swift */; };
		9D7272692C2A5AAA00503BD9 /* SceneDelegate.swift in Sources */ = {isa = PBXBuildFile; fileRef = 9D7272682C2A5AAA00503BD9 /* SceneDelegate.swift */; };
		9D72726B2C2A5AAA00503BD9 /* MainTabBarViewController.swift in Sources */ = {isa = PBXBuildFile; fileRef = 9D72726A2C2A5AAA00503BD9 /* MainTabBarViewController.swift */; };
		9D7272712C2A5AAA00503BD9 /* WhereToGo_Honam.xcdatamodeld in Sources */ = {isa = PBXBuildFile; fileRef = 9D72726F2C2A5AAA00503BD9 /* WhereToGo_Honam.xcdatamodeld */; };
		9D7272732C2A5AAB00503BD9 /* Assets.xcassets in Resources */ = {isa = PBXBuildFile; fileRef = 9D7272722C2A5AAB00503BD9 /* Assets.xcassets */; };
		9D7272762C2A5AAB00503BD9 /* Base in Resources */ = {isa = PBXBuildFile; fileRef = 9D7272752C2A5AAB00503BD9 /* Base */; };
		9D7272812C2A5AAB00503BD9 /* WhereToGo_HonamTests.swift in Sources */ = {isa = PBXBuildFile; fileRef = 9D7272802C2A5AAB00503BD9 /* WhereToGo_HonamTests.swift */; };
		9D72728B2C2A5AAC00503BD9 /* WhereToGo_HonamUITests.swift in Sources */ = {isa = PBXBuildFile; fileRef = 9D72728A2C2A5AAC00503BD9 /* WhereToGo_HonamUITests.swift */; };
		9D72728D2C2A5AAC00503BD9 /* WhereToGo_HonamUITestsLaunchTests.swift in Sources */ = {isa = PBXBuildFile; fileRef = 9D72728C2C2A5AAC00503BD9 /* WhereToGo_HonamUITestsLaunchTests.swift */; };
		9D7272A02C2A836B00503BD9 /* HomeViewController.swift in Sources */ = {isa = PBXBuildFile; fileRef = 9D72729F2C2A836B00503BD9 /* HomeViewController.swift */; };
		9D7272A22C2A837300503BD9 /* SearchViewController.swift in Sources */ = {isa = PBXBuildFile; fileRef = 9D7272A12C2A837300503BD9 /* SearchViewController.swift */; };
		9D7272A42C2A837F00503BD9 /* NotificationViewController.swift in Sources */ = {isa = PBXBuildFile; fileRef = 9D7272A32C2A837F00503BD9 /* NotificationViewController.swift */; };
		9D7272A62C2A839300503BD9 /* DirectMessageViewController.swift in Sources */ = {isa = PBXBuildFile; fileRef = 9D7272A52C2A839300503BD9 /* DirectMessageViewController.swift */; };
		9D7272A82C2A974500503BD9 /* ProfileViewController.swift in Sources */ = {isa = PBXBuildFile; fileRef = 9D7272A72C2A974500503BD9 /* ProfileViewController.swift */; };
		9D7272AA2C2A9C5700503BD9 /* ChatViewController.swift in Sources */ = {isa = PBXBuildFile; fileRef = 9D7272A92C2A9C5700503BD9 /* ChatViewController.swift */; };
		9D7272B32C2AA02500503BD9 /* AddPlanViewController.swift in Sources */ = {isa = PBXBuildFile; fileRef = 9D7272B22C2AA02500503BD9 /* AddPlanViewController.swift */; };
		9D7272B62C2AB00300503BD9 /* CollectionViewTableViewCell.swift in Sources */ = {isa = PBXBuildFile; fileRef = 9D7272B52C2AB00300503BD9 /* CollectionViewTableViewCell.swift */; };
		9D7272B92C2BC80800503BD9 /* IntroHeaderUIView.swift in Sources */ = {isa = PBXBuildFile; fileRef = 9D7272B82C2BC80800503BD9 /* IntroHeaderUIView.swift */; };
		9D7272BD2C2BE85E00503BD9 /* APICaller.swift in Sources */ = {isa = PBXBuildFile; fileRef = 9D7272BC2C2BE85E00503BD9 /* APICaller.swift */; };
/* End PBXBuildFile section */

/* Begin PBXContainerItemProxy section */
		9D72727D2C2A5AAB00503BD9 /* PBXContainerItemProxy */ = {
			isa = PBXContainerItemProxy;
			containerPortal = 9D72725B2C2A5AAA00503BD9 /* Project object */;
			proxyType = 1;
			remoteGlobalIDString = 9D7272622C2A5AAA00503BD9;
			remoteInfo = WhereToGo_Honam;
		};
		9D7272872C2A5AAC00503BD9 /* PBXContainerItemProxy */ = {
			isa = PBXContainerItemProxy;
			containerPortal = 9D72725B2C2A5AAA00503BD9 /* Project object */;
			proxyType = 1;
			remoteGlobalIDString = 9D7272622C2A5AAA00503BD9;
			remoteInfo = WhereToGo_Honam;
		};
/* End PBXContainerItemProxy section */

/* Begin PBXFileReference section */
		9D7272632C2A5AAA00503BD9 /* WhereToGo_Honam.app */ = {isa = PBXFileReference; explicitFileType = wrapper.application; includeInIndex = 0; path = WhereToGo_Honam.app; sourceTree = BUILT_PRODUCTS_DIR; };
		9D7272662C2A5AAA00503BD9 /* AppDelegate.swift */ = {isa = PBXFileReference; lastKnownFileType = sourcecode.swift; path = AppDelegate.swift; sourceTree = "<group>"; };
		9D7272682C2A5AAA00503BD9 /* SceneDelegate.swift */ = {isa = PBXFileReference; lastKnownFileType = sourcecode.swift; path = SceneDelegate.swift; sourceTree = "<group>"; };
		9D72726A2C2A5AAA00503BD9 /* MainTabBarViewController.swift */ = {isa = PBXFileReference; lastKnownFileType = sourcecode.swift; path = MainTabBarViewController.swift; sourceTree = "<group>"; };
		9D7272702C2A5AAA00503BD9 /* WhereToGo_Honam.xcdatamodel */ = {isa = PBXFileReference; lastKnownFileType = wrapper.xcdatamodel; path = WhereToGo_Honam.xcdatamodel; sourceTree = "<group>"; };
		9D7272722C2A5AAB00503BD9 /* Assets.xcassets */ = {isa = PBXFileReference; lastKnownFileType = folder.assetcatalog; path = Assets.xcassets; sourceTree = "<group>"; };
		9D7272752C2A5AAB00503BD9 /* Base */ = {isa = PBXFileReference; lastKnownFileType = file.storyboard; name = Base; path = Base.lproj/LaunchScreen.storyboard; sourceTree = "<group>"; };
		9D7272772C2A5AAB00503BD9 /* Info.plist */ = {isa = PBXFileReference; lastKnownFileType = text.plist.xml; path = Info.plist; sourceTree = "<group>"; };
		9D72727C2C2A5AAB00503BD9 /* WhereToGo_HonamTests.xctest */ = {isa = PBXFileReference; explicitFileType = wrapper.cfbundle; includeInIndex = 0; path = WhereToGo_HonamTests.xctest; sourceTree = BUILT_PRODUCTS_DIR; };
		9D7272802C2A5AAB00503BD9 /* WhereToGo_HonamTests.swift */ = {isa = PBXFileReference; lastKnownFileType = sourcecode.swift; path = WhereToGo_HonamTests.swift; sourceTree = "<group>"; };
		9D7272862C2A5AAC00503BD9 /* WhereToGo_HonamUITests.xctest */ = {isa = PBXFileReference; explicitFileType = wrapper.cfbundle; includeInIndex = 0; path = WhereToGo_HonamUITests.xctest; sourceTree = BUILT_PRODUCTS_DIR; };
		9D72728A2C2A5AAC00503BD9 /* WhereToGo_HonamUITests.swift */ = {isa = PBXFileReference; lastKnownFileType = sourcecode.swift; path = WhereToGo_HonamUITests.swift; sourceTree = "<group>"; };
		9D72728C2C2A5AAC00503BD9 /* WhereToGo_HonamUITestsLaunchTests.swift */ = {isa = PBXFileReference; lastKnownFileType = sourcecode.swift; path = WhereToGo_HonamUITestsLaunchTests.swift; sourceTree = "<group>"; };
		9D72729F2C2A836B00503BD9 /* HomeViewController.swift */ = {isa = PBXFileReference; lastKnownFileType = sourcecode.swift; path = HomeViewController.swift; sourceTree = "<group>"; };
		9D7272A12C2A837300503BD9 /* SearchViewController.swift */ = {isa = PBXFileReference; lastKnownFileType = sourcecode.swift; path = SearchViewController.swift; sourceTree = "<group>"; };
		9D7272A32C2A837F00503BD9 /* NotificationViewController.swift */ = {isa = PBXFileReference; lastKnownFileType = sourcecode.swift; path = NotificationViewController.swift; sourceTree = "<group>"; };
		9D7272A52C2A839300503BD9 /* DirectMessageViewController.swift */ = {isa = PBXFileReference; lastKnownFileType = sourcecode.swift; path = DirectMessageViewController.swift; sourceTree = "<group>"; };
		9D7272A72C2A974500503BD9 /* ProfileViewController.swift */ = {isa = PBXFileReference; lastKnownFileType = sourcecode.swift; path = ProfileViewController.swift; sourceTree = "<group>"; };
		9D7272A92C2A9C5700503BD9 /* ChatViewController.swift */ = {isa = PBXFileReference; lastKnownFileType = sourcecode.swift; path = ChatViewController.swift; sourceTree = "<group>"; };
		9D7272B22C2AA02500503BD9 /* AddPlanViewController.swift */ = {isa = PBXFileReference; lastKnownFileType = sourcecode.swift; path = AddPlanViewController.swift; sourceTree = "<group>"; };
		9D7272B52C2AB00300503BD9 /* CollectionViewTableViewCell.swift */ = {isa = PBXFileReference; lastKnownFileType = sourcecode.swift; path = CollectionViewTableViewCell.swift; sourceTree = "<group>"; };
		9D7272B82C2BC80800503BD9 /* IntroHeaderUIView.swift */ = {isa = PBXFileReference; lastKnownFileType = sourcecode.swift; path = IntroHeaderUIView.swift; sourceTree = "<group>"; };
		9D7272BC2C2BE85E00503BD9 /* APICaller.swift */ = {isa = PBXFileReference; lastKnownFileType = sourcecode.swift; path = APICaller.swift; sourceTree = "<group>"; };
/* End PBXFileReference section */

/* Begin PBXFrameworksBuildPhase section */
		9D7272602C2A5AAA00503BD9 /* Frameworks */ = {
			isa = PBXFrameworksBuildPhase;
			buildActionMask = 2147483647;
			files = (
			);
			runOnlyForDeploymentPostprocessing = 0;
		};
		9D7272792C2A5AAB00503BD9 /* Frameworks */ = {
			isa = PBXFrameworksBuildPhase;
			buildActionMask = 2147483647;
			files = (
			);
			runOnlyForDeploymentPostprocessing = 0;
		};
		9D7272832C2A5AAC00503BD9 /* Frameworks */ = {
			isa = PBXFrameworksBuildPhase;
			buildActionMask = 2147483647;
			files = (
			);
			runOnlyForDeploymentPostprocessing = 0;
		};
/* End PBXFrameworksBuildPhase section */

/* Begin PBXGroup section */
		9D72725A2C2A5AAA00503BD9 = {
			isa = PBXGroup;
			children = (
				9D7272652C2A5AAA00503BD9 /* WhereToGo_Honam */,
				9D72727F2C2A5AAB00503BD9 /* WhereToGo_HonamTests */,
				9D7272892C2A5AAC00503BD9 /* WhereToGo_HonamUITests */,
				9D7272642C2A5AAA00503BD9 /* Products */,
			);
			sourceTree = "<group>";
		};
		9D7272642C2A5AAA00503BD9 /* Products */ = {
			isa = PBXGroup;
			children = (
				9D7272632C2A5AAA00503BD9 /* WhereToGo_Honam.app */,
				9D72727C2C2A5AAB00503BD9 /* WhereToGo_HonamTests.xctest */,
				9D7272862C2A5AAC00503BD9 /* WhereToGo_HonamUITests.xctest */,
			);
			name = Products;
			sourceTree = "<group>";
		};
		9D7272652C2A5AAA00503BD9 /* WhereToGo_Honam */ = {
			isa = PBXGroup;
			children = (
				9D7272BB2C2BE84D00503BD9 /* Managers */,
				9D72729A2C2A789300503BD9 /* Rescources */,
				9D72729D2C2A78CF00503BD9 /* Models */,
				9D72729B2C2A78BE00503BD9 /* Views */,
				9D72729C2C2A78C400503BD9 /* ViewModels */,
				9D7272992C2A788100503BD9 /* Controllers */,
				9D7272772C2A5AAB00503BD9 /* Info.plist */,
				9D72726F2C2A5AAA00503BD9 /* WhereToGo_Honam.xcdatamodeld */,
			);
			path = WhereToGo_Honam;
			sourceTree = "<group>";
		};
		9D72727F2C2A5AAB00503BD9 /* WhereToGo_HonamTests */ = {
			isa = PBXGroup;
			children = (
				9D7272802C2A5AAB00503BD9 /* WhereToGo_HonamTests.swift */,
			);
			path = WhereToGo_HonamTests;
			sourceTree = "<group>";
		};
		9D7272892C2A5AAC00503BD9 /* WhereToGo_HonamUITests */ = {
			isa = PBXGroup;
			children = (
				9D72728A2C2A5AAC00503BD9 /* WhereToGo_HonamUITests.swift */,
				9D72728C2C2A5AAC00503BD9 /* WhereToGo_HonamUITestsLaunchTests.swift */,
			);
			path = WhereToGo_HonamUITests;
			sourceTree = "<group>";
		};
		9D7272992C2A788100503BD9 /* Controllers */ = {
			isa = PBXGroup;
			children = (
				9D7272AB2C2A9CD000503BD9 /* General */,
				9D72729E2C2A835000503BD9 /* Core */,
			);
			path = Controllers;
			sourceTree = "<group>";
		};
		9D72729A2C2A789300503BD9 /* Rescources */ = {
			isa = PBXGroup;
			children = (
				9D7272662C2A5AAA00503BD9 /* AppDelegate.swift */,
				9D7272682C2A5AAA00503BD9 /* SceneDelegate.swift */,
				9D7272722C2A5AAB00503BD9 /* Assets.xcassets */,
			);
			path = Rescources;
			sourceTree = "<group>";
		};
		9D72729B2C2A78BE00503BD9 /* Views */ = {
			isa = PBXGroup;
			children = (
				9D7272BA2C2BDDB600503BD9 /* CollectionView */,
				9D7272B72C2BC7E300503BD9 /* TableHeader */,
				9D7272742C2A5AAB00503BD9 /* LaunchScreen.storyboard */,
			);
			path = Views;
			sourceTree = "<group>";
		};
		9D72729C2C2A78C400503BD9 /* ViewModels */ = {
			isa = PBXGroup;
			children = (
			);
			path = ViewModels;
			sourceTree = "<group>";
		};
		9D72729D2C2A78CF00503BD9 /* Models */ = {
			isa = PBXGroup;
			children = (
			);
			path = Models;
			sourceTree = "<group>";
		};
		9D72729E2C2A835000503BD9 /* Core */ = {
			isa = PBXGroup;
			children = (
				9D72726A2C2A5AAA00503BD9 /* MainTabBarViewController.swift */,
				9D72729F2C2A836B00503BD9 /* HomeViewController.swift */,
				9D7272A12C2A837300503BD9 /* SearchViewController.swift */,
				9D7272A72C2A974500503BD9 /* ProfileViewController.swift */,
				9D7272A92C2A9C5700503BD9 /* ChatViewController.swift */,
				9D7272B22C2AA02500503BD9 /* AddPlanViewController.swift */,
			);
			path = Core;
			sourceTree = "<group>";
		};
		9D7272AB2C2A9CD000503BD9 /* General */ = {
			isa = PBXGroup;
			children = (
				9D7272AE2C2A9D3E00503BD9 /* Notification */,
				9D7272AD2C2A9D3300503BD9 /* Message */,
				9D7272AC2C2A9D2800503BD9 /* Search */,
			);
			path = General;
			sourceTree = "<group>";
		};
		9D7272AC2C2A9D2800503BD9 /* Search */ = {
			isa = PBXGroup;
			children = (
			);
			path = Search;
			sourceTree = "<group>";
		};
		9D7272AD2C2A9D3300503BD9 /* Message */ = {
			isa = PBXGroup;
			children = (
				9D7272A52C2A839300503BD9 /* DirectMessageViewController.swift */,
			);
			path = Message;
			sourceTree = "<group>";
		};
		9D7272AE2C2A9D3E00503BD9 /* Notification */ = {
			isa = PBXGroup;
			children = (
				9D7272A32C2A837F00503BD9 /* NotificationViewController.swift */,
			);
			path = Notification;
			sourceTree = "<group>";
		};
		9D7272B72C2BC7E300503BD9 /* TableHeader */ = {
			isa = PBXGroup;
			children = (
				9D7272B82C2BC80800503BD9 /* IntroHeaderUIView.swift */,
			);
			path = TableHeader;
			sourceTree = "<group>";
		};
		9D7272BA2C2BDDB600503BD9 /* CollectionView */ = {
			isa = PBXGroup;
			children = (
				9D7272B52C2AB00300503BD9 /* CollectionViewTableViewCell.swift */,
			);
			path = CollectionView;
			sourceTree = "<group>";
		};
		9D7272BB2C2BE84D00503BD9 /* Managers */ = {
			isa = PBXGroup;
			children = (
				9D7272BC2C2BE85E00503BD9 /* APICaller.swift */,
			);
			path = Managers;
			sourceTree = "<group>";
		};
/* End PBXGroup section */

/* Begin PBXNativeTarget section */
		9D7272622C2A5AAA00503BD9 /* WhereToGo_Honam */ = {
			isa = PBXNativeTarget;
			buildConfigurationList = 9D7272902C2A5AAC00503BD9 /* Build configuration list for PBXNativeTarget "WhereToGo_Honam" */;
			buildPhases = (
				9D72725F2C2A5AAA00503BD9 /* Sources */,
				9D7272602C2A5AAA00503BD9 /* Frameworks */,
				9D7272612C2A5AAA00503BD9 /* Resources */,
			);
			buildRules = (
			);
			dependencies = (
			);
			name = WhereToGo_Honam;
			productName = WhereToGo_Honam;
			productReference = 9D7272632C2A5AAA00503BD9 /* WhereToGo_Honam.app */;
			productType = "com.apple.product-type.application";
		};
		9D72727B2C2A5AAB00503BD9 /* WhereToGo_HonamTests */ = {
			isa = PBXNativeTarget;
			buildConfigurationList = 9D7272932C2A5AAC00503BD9 /* Build configuration list for PBXNativeTarget "WhereToGo_HonamTests" */;
			buildPhases = (
				9D7272782C2A5AAB00503BD9 /* Sources */,
				9D7272792C2A5AAB00503BD9 /* Frameworks */,
				9D72727A2C2A5AAB00503BD9 /* Resources */,
			);
			buildRules = (
			);
			dependencies = (
				9D72727E2C2A5AAB00503BD9 /* PBXTargetDependency */,
			);
			name = WhereToGo_HonamTests;
			productName = WhereToGo_HonamTests;
			productReference = 9D72727C2C2A5AAB00503BD9 /* WhereToGo_HonamTests.xctest */;
			productType = "com.apple.product-type.bundle.unit-test";
		};
		9D7272852C2A5AAC00503BD9 /* WhereToGo_HonamUITests */ = {
			isa = PBXNativeTarget;
			buildConfigurationList = 9D7272962C2A5AAC00503BD9 /* Build configuration list for PBXNativeTarget "WhereToGo_HonamUITests" */;
			buildPhases = (
				9D7272822C2A5AAC00503BD9 /* Sources */,
				9D7272832C2A5AAC00503BD9 /* Frameworks */,
				9D7272842C2A5AAC00503BD9 /* Resources */,
			);
			buildRules = (
			);
			dependencies = (
				9D7272882C2A5AAC00503BD9 /* PBXTargetDependency */,
			);
			name = WhereToGo_HonamUITests;
			productName = WhereToGo_HonamUITests;
			productReference = 9D7272862C2A5AAC00503BD9 /* WhereToGo_HonamUITests.xctest */;
			productType = "com.apple.product-type.bundle.ui-testing";
		};
/* End PBXNativeTarget section */

/* Begin PBXProject section */
		9D72725B2C2A5AAA00503BD9 /* Project object */ = {
			isa = PBXProject;
			attributes = {
				BuildIndependentTargetsInParallel = 1;
				LastSwiftUpdateCheck = 1540;
				LastUpgradeCheck = 1540;
				TargetAttributes = {
					9D7272622C2A5AAA00503BD9 = {
						CreatedOnToolsVersion = 15.4;
					};
					9D72727B2C2A5AAB00503BD9 = {
						CreatedOnToolsVersion = 15.4;
						TestTargetID = 9D7272622C2A5AAA00503BD9;
					};
					9D7272852C2A5AAC00503BD9 = {
						CreatedOnToolsVersion = 15.4;
						TestTargetID = 9D7272622C2A5AAA00503BD9;
					};
				};
			};
			buildConfigurationList = 9D72725E2C2A5AAA00503BD9 /* Build configuration list for PBXProject "WhereToGo_Honam" */;
			compatibilityVersion = "Xcode 14.0";
			developmentRegion = en;
			hasScannedForEncodings = 0;
			knownRegions = (
				en,
				Base,
			);
			mainGroup = 9D72725A2C2A5AAA00503BD9;
			productRefGroup = 9D7272642C2A5AAA00503BD9 /* Products */;
			projectDirPath = "";
			projectRoot = "";
			targets = (
				9D7272622C2A5AAA00503BD9 /* WhereToGo_Honam */,
				9D72727B2C2A5AAB00503BD9 /* WhereToGo_HonamTests */,
				9D7272852C2A5AAC00503BD9 /* WhereToGo_HonamUITests */,
			);
		};
/* End PBXProject section */

/* Begin PBXResourcesBuildPhase section */
		9D7272612C2A5AAA00503BD9 /* Resources */ = {
			isa = PBXResourcesBuildPhase;
			buildActionMask = 2147483647;
			files = (
				9D7272732C2A5AAB00503BD9 /* Assets.xcassets in Resources */,
				9D7272762C2A5AAB00503BD9 /* Base in Resources */,
			);
			runOnlyForDeploymentPostprocessing = 0;
		};
		9D72727A2C2A5AAB00503BD9 /* Resources */ = {
			isa = PBXResourcesBuildPhase;
			buildActionMask = 2147483647;
			files = (
			);
			runOnlyForDeploymentPostprocessing = 0;
		};
		9D7272842C2A5AAC00503BD9 /* Resources */ = {
			isa = PBXResourcesBuildPhase;
			buildActionMask = 2147483647;
			files = (
			);
			runOnlyForDeploymentPostprocessing = 0;
		};
/* End PBXResourcesBuildPhase section */

/* Begin PBXSourcesBuildPhase section */
		9D72725F2C2A5AAA00503BD9 /* Sources */ = {
			isa = PBXSourcesBuildPhase;
			buildActionMask = 2147483647;
			files = (
				9D7272B92C2BC80800503BD9 /* IntroHeaderUIView.swift in Sources */,
				9D7272A22C2A837300503BD9 /* SearchViewController.swift in Sources */,
				9D7272A62C2A839300503BD9 /* DirectMessageViewController.swift in Sources */,
				9D7272BD2C2BE85E00503BD9 /* APICaller.swift in Sources */,
				9D7272A02C2A836B00503BD9 /* HomeViewController.swift in Sources */,
				9D72726B2C2A5AAA00503BD9 /* MainTabBarViewController.swift in Sources */,
				9D7272B32C2AA02500503BD9 /* AddPlanViewController.swift in Sources */,
				9D7272B62C2AB00300503BD9 /* CollectionViewTableViewCell.swift in Sources */,
				9D7272A42C2A837F00503BD9 /* NotificationViewController.swift in Sources */,
				9D7272672C2A5AAA00503BD9 /* AppDelegate.swift in Sources */,
				9D7272A82C2A974500503BD9 /* ProfileViewController.swift in Sources */,
				9D7272712C2A5AAA00503BD9 /* WhereToGo_Honam.xcdatamodeld in Sources */,
				9D7272AA2C2A9C5700503BD9 /* ChatViewController.swift in Sources */,
				9D7272692C2A5AAA00503BD9 /* SceneDelegate.swift in Sources */,
			);
			runOnlyForDeploymentPostprocessing = 0;
		};
		9D7272782C2A5AAB00503BD9 /* Sources */ = {
			isa = PBXSourcesBuildPhase;
			buildActionMask = 2147483647;
			files = (
				9D7272812C2A5AAB00503BD9 /* WhereToGo_HonamTests.swift in Sources */,
			);
			runOnlyForDeploymentPostprocessing = 0;
		};
		9D7272822C2A5AAC00503BD9 /* Sources */ = {
			isa = PBXSourcesBuildPhase;
			buildActionMask = 2147483647;
			files = (
				9D72728B2C2A5AAC00503BD9 /* WhereToGo_HonamUITests.swift in Sources */,
				9D72728D2C2A5AAC00503BD9 /* WhereToGo_HonamUITestsLaunchTests.swift in Sources */,
			);
			runOnlyForDeploymentPostprocessing = 0;
		};
/* End PBXSourcesBuildPhase section */

/* Begin PBXTargetDependency section */
		9D72727E2C2A5AAB00503BD9 /* PBXTargetDependency */ = {
			isa = PBXTargetDependency;
			target = 9D7272622C2A5AAA00503BD9 /* WhereToGo_Honam */;
			targetProxy = 9D72727D2C2A5AAB00503BD9 /* PBXContainerItemProxy */;
		};
		9D7272882C2A5AAC00503BD9 /* PBXTargetDependency */ = {
			isa = PBXTargetDependency;
			target = 9D7272622C2A5AAA00503BD9 /* WhereToGo_Honam */;
			targetProxy = 9D7272872C2A5AAC00503BD9 /* PBXContainerItemProxy */;
		};
/* End PBXTargetDependency section */

/* Begin PBXVariantGroup section */
		9D7272742C2A5AAB00503BD9 /* LaunchScreen.storyboard */ = {
			isa = PBXVariantGroup;
			children = (
				9D7272752C2A5AAB00503BD9 /* Base */,
			);
			name = LaunchScreen.storyboard;
			sourceTree = "<group>";
		};
/* End PBXVariantGroup section */

/* Begin XCBuildConfiguration section */
		9D72728E2C2A5AAC00503BD9 /* Debug */ = {
			isa = XCBuildConfiguration;
			buildSettings = {
				ALWAYS_SEARCH_USER_PATHS = NO;
				ASSETCATALOG_COMPILER_GENERATE_SWIFT_ASSET_SYMBOL_EXTENSIONS = YES;
				CLANG_ANALYZER_NONNULL = YES;
				CLANG_ANALYZER_NUMBER_OBJECT_CONVERSION = YES_AGGRESSIVE;
				CLANG_CXX_LANGUAGE_STANDARD = "gnu++20";
				CLANG_ENABLE_MODULES = YES;
				CLANG_ENABLE_OBJC_ARC = YES;
				CLANG_ENABLE_OBJC_WEAK = YES;
				CLANG_WARN_BLOCK_CAPTURE_AUTORELEASING = YES;
				CLANG_WARN_BOOL_CONVERSION = YES;
				CLANG_WARN_COMMA = YES;
				CLANG_WARN_CONSTANT_CONVERSION = YES;
				CLANG_WARN_DEPRECATED_OBJC_IMPLEMENTATIONS = YES;
				CLANG_WARN_DIRECT_OBJC_ISA_USAGE = YES_ERROR;
				CLANG_WARN_DOCUMENTATION_COMMENTS = YES;
				CLANG_WARN_EMPTY_BODY = YES;
				CLANG_WARN_ENUM_CONVERSION = YES;
				CLANG_WARN_INFINITE_RECURSION = YES;
				CLANG_WARN_INT_CONVERSION = YES;
				CLANG_WARN_NON_LITERAL_NULL_CONVERSION = YES;
				CLANG_WARN_OBJC_IMPLICIT_RETAIN_SELF = YES;
				CLANG_WARN_OBJC_LITERAL_CONVERSION = YES;
				CLANG_WARN_OBJC_ROOT_CLASS = YES_ERROR;
				CLANG_WARN_QUOTED_INCLUDE_IN_FRAMEWORK_HEADER = YES;
				CLANG_WARN_RANGE_LOOP_ANALYSIS = YES;
				CLANG_WARN_STRICT_PROTOTYPES = YES;
				CLANG_WARN_SUSPICIOUS_MOVE = YES;
				CLANG_WARN_UNGUARDED_AVAILABILITY = YES_AGGRESSIVE;
				CLANG_WARN_UNREACHABLE_CODE = YES;
				CLANG_WARN__DUPLICATE_METHOD_MATCH = YES;
				COPY_PHASE_STRIP = NO;
				DEBUG_INFORMATION_FORMAT = dwarf;
				ENABLE_STRICT_OBJC_MSGSEND = YES;
				ENABLE_TESTABILITY = YES;
				ENABLE_USER_SCRIPT_SANDBOXING = YES;
				GCC_C_LANGUAGE_STANDARD = gnu17;
				GCC_DYNAMIC_NO_PIC = NO;
				GCC_NO_COMMON_BLOCKS = YES;
				GCC_OPTIMIZATION_LEVEL = 0;
				GCC_PREPROCESSOR_DEFINITIONS = (
					"DEBUG=1",
					"$(inherited)",
				);
				GCC_WARN_64_TO_32_BIT_CONVERSION = YES;
				GCC_WARN_ABOUT_RETURN_TYPE = YES_ERROR;
				GCC_WARN_UNDECLARED_SELECTOR = YES;
				GCC_WARN_UNINITIALIZED_AUTOS = YES_AGGRESSIVE;
				GCC_WARN_UNUSED_FUNCTION = YES;
				GCC_WARN_UNUSED_VARIABLE = YES;
				IPHONEOS_DEPLOYMENT_TARGET = 17.5;
				LOCALIZATION_PREFERS_STRING_CATALOGS = YES;
				MTL_ENABLE_DEBUG_INFO = INCLUDE_SOURCE;
				MTL_FAST_MATH = YES;
				ONLY_ACTIVE_ARCH = YES;
				SDKROOT = iphoneos;
				SWIFT_ACTIVE_COMPILATION_CONDITIONS = "DEBUG $(inherited)";
				SWIFT_OPTIMIZATION_LEVEL = "-Onone";
			};
			name = Debug;
		};
		9D72728F2C2A5AAC00503BD9 /* Release */ = {
			isa = XCBuildConfiguration;
			buildSettings = {
				ALWAYS_SEARCH_USER_PATHS = NO;
				ASSETCATALOG_COMPILER_GENERATE_SWIFT_ASSET_SYMBOL_EXTENSIONS = YES;
				CLANG_ANALYZER_NONNULL = YES;
				CLANG_ANALYZER_NUMBER_OBJECT_CONVERSION = YES_AGGRESSIVE;
				CLANG_CXX_LANGUAGE_STANDARD = "gnu++20";
				CLANG_ENABLE_MODULES = YES;
				CLANG_ENABLE_OBJC_ARC = YES;
				CLANG_ENABLE_OBJC_WEAK = YES;
				CLANG_WARN_BLOCK_CAPTURE_AUTORELEASING = YES;
				CLANG_WARN_BOOL_CONVERSION = YES;
				CLANG_WARN_COMMA = YES;
				CLANG_WARN_CONSTANT_CONVERSION = YES;
				CLANG_WARN_DEPRECATED_OBJC_IMPLEMENTATIONS = YES;
				CLANG_WARN_DIRECT_OBJC_ISA_USAGE = YES_ERROR;
				CLANG_WARN_DOCUMENTATION_COMMENTS = YES;
				CLANG_WARN_EMPTY_BODY = YES;
				CLANG_WARN_ENUM_CONVERSION = YES;
				CLANG_WARN_INFINITE_RECURSION = YES;
				CLANG_WARN_INT_CONVERSION = YES;
				CLANG_WARN_NON_LITERAL_NULL_CONVERSION = YES;
				CLANG_WARN_OBJC_IMPLICIT_RETAIN_SELF = YES;
				CLANG_WARN_OBJC_LITERAL_CONVERSION = YES;
				CLANG_WARN_OBJC_ROOT_CLASS = YES_ERROR;
				CLANG_WARN_QUOTED_INCLUDE_IN_FRAMEWORK_HEADER = YES;
				CLANG_WARN_RANGE_LOOP_ANALYSIS = YES;
				CLANG_WARN_STRICT_PROTOTYPES = YES;
				CLANG_WARN_SUSPICIOUS_MOVE = YES;
				CLANG_WARN_UNGUARDED_AVAILABILITY = YES_AGGRESSIVE;
				CLANG_WARN_UNREACHABLE_CODE = YES;
				CLANG_WARN__DUPLICATE_METHOD_MATCH = YES;
				COPY_PHASE_STRIP = NO;
				DEBUG_INFORMATION_FORMAT = "dwarf-with-dsym";
				ENABLE_NS_ASSERTIONS = NO;
				ENABLE_STRICT_OBJC_MSGSEND = YES;
				ENABLE_USER_SCRIPT_SANDBOXING = YES;
				GCC_C_LANGUAGE_STANDARD = gnu17;
				GCC_NO_COMMON_BLOCKS = YES;
				GCC_WARN_64_TO_32_BIT_CONVERSION = YES;
				GCC_WARN_ABOUT_RETURN_TYPE = YES_ERROR;
				GCC_WARN_UNDECLARED_SELECTOR = YES;
				GCC_WARN_UNINITIALIZED_AUTOS = YES_AGGRESSIVE;
				GCC_WARN_UNUSED_FUNCTION = YES;
				GCC_WARN_UNUSED_VARIABLE = YES;
				IPHONEOS_DEPLOYMENT_TARGET = 17.5;
				LOCALIZATION_PREFERS_STRING_CATALOGS = YES;
				MTL_ENABLE_DEBUG_INFO = NO;
				MTL_FAST_MATH = YES;
				SDKROOT = iphoneos;
				SWIFT_COMPILATION_MODE = wholemodule;
				VALIDATE_PRODUCT = YES;
			};
			name = Release;
		};
		9D7272912C2A5AAC00503BD9 /* Debug */ = {
			isa = XCBuildConfiguration;
			buildSettings = {
				ASSETCATALOG_COMPILER_APPICON_NAME = AppIcon;
				ASSETCATALOG_COMPILER_GLOBAL_ACCENT_COLOR_NAME = AccentColor;
				CODE_SIGN_STYLE = Automatic;
				CURRENT_PROJECT_VERSION = 1;
				DEVELOPMENT_TEAM = P9NXT375QP;
				GENERATE_INFOPLIST_FILE = YES;
				INFOPLIST_FILE = WhereToGo_Honam/Info.plist;
				INFOPLIST_KEY_UIApplicationSupportsIndirectInputEvents = YES;
				INFOPLIST_KEY_UILaunchStoryboardName = LaunchScreen;
				INFOPLIST_KEY_UISupportedInterfaceOrientations_iPad = "UIInterfaceOrientationPortrait UIInterfaceOrientationPortraitUpsideDown UIInterfaceOrientationLandscapeLeft UIInterfaceOrientationLandscapeRight";
				INFOPLIST_KEY_UISupportedInterfaceOrientations_iPhone = "UIInterfaceOrientationPortrait UIInterfaceOrientationLandscapeLeft UIInterfaceOrientationLandscapeRight";
				IPHONEOS_DEPLOYMENT_TARGET = 16.0;
				LD_RUNPATH_SEARCH_PATHS = (
					"$(inherited)",
					"@executable_path/Frameworks",
				);
				MARKETING_VERSION = 1.0;
				PRODUCT_BUNDLE_IDENTIFIER = "com.jungguen.WhereToGo-Honam";
				PRODUCT_NAME = "$(TARGET_NAME)";
				SWIFT_EMIT_LOC_STRINGS = YES;
				SWIFT_VERSION = 5.0;
				TARGETED_DEVICE_FAMILY = "1,2";
			};
			name = Debug;
		};
		9D7272922C2A5AAC00503BD9 /* Release */ = {
			isa = XCBuildConfiguration;
			buildSettings = {
				ASSETCATALOG_COMPILER_APPICON_NAME = AppIcon;
				ASSETCATALOG_COMPILER_GLOBAL_ACCENT_COLOR_NAME = AccentColor;
				CODE_SIGN_STYLE = Automatic;
				CURRENT_PROJECT_VERSION = 1;
				DEVELOPMENT_TEAM = P9NXT375QP;
				GENERATE_INFOPLIST_FILE = YES;
				INFOPLIST_FILE = WhereToGo_Honam/Info.plist;
				INFOPLIST_KEY_UIApplicationSupportsIndirectInputEvents = YES;
				INFOPLIST_KEY_UILaunchStoryboardName = LaunchScreen;
				INFOPLIST_KEY_UISupportedInterfaceOrientations_iPad = "UIInterfaceOrientationPortrait UIInterfaceOrientationPortraitUpsideDown UIInterfaceOrientationLandscapeLeft UIInterfaceOrientationLandscapeRight";
				INFOPLIST_KEY_UISupportedInterfaceOrientations_iPhone = "UIInterfaceOrientationPortrait UIInterfaceOrientationLandscapeLeft UIInterfaceOrientationLandscapeRight";
				IPHONEOS_DEPLOYMENT_TARGET = 16.0;
				LD_RUNPATH_SEARCH_PATHS = (
					"$(inherited)",
					"@executable_path/Frameworks",
				);
				MARKETING_VERSION = 1.0;
				PRODUCT_BUNDLE_IDENTIFIER = "com.jungguen.WhereToGo-Honam";
				PRODUCT_NAME = "$(TARGET_NAME)";
				SWIFT_EMIT_LOC_STRINGS = YES;
				SWIFT_VERSION = 5.0;
				TARGETED_DEVICE_FAMILY = "1,2";
			};
			name = Release;
		};
		9D7272942C2A5AAC00503BD9 /* Debug */ = {
			isa = XCBuildConfiguration;
			buildSettings = {
				ALWAYS_EMBED_SWIFT_STANDARD_LIBRARIES = YES;
				BUNDLE_LOADER = "$(TEST_HOST)";
				CODE_SIGN_STYLE = Automatic;
				CURRENT_PROJECT_VERSION = 1;
				DEVELOPMENT_TEAM = P9NXT375QP;
				GENERATE_INFOPLIST_FILE = YES;
				IPHONEOS_DEPLOYMENT_TARGET = 17.5;
				MARKETING_VERSION = 1.0;
				PRODUCT_BUNDLE_IDENTIFIER = "com.jungguen.WhereToGo-HonamTests";
				PRODUCT_NAME = "$(TARGET_NAME)";
				SWIFT_EMIT_LOC_STRINGS = NO;
				SWIFT_VERSION = 5.0;
				TARGETED_DEVICE_FAMILY = "1,2";
				TEST_HOST = "$(BUILT_PRODUCTS_DIR)/WhereToGo_Honam.app/$(BUNDLE_EXECUTABLE_FOLDER_PATH)/WhereToGo_Honam";
			};
			name = Debug;
		};
		9D7272952C2A5AAC00503BD9 /* Release */ = {
			isa = XCBuildConfiguration;
			buildSettings = {
				ALWAYS_EMBED_SWIFT_STANDARD_LIBRARIES = YES;
				BUNDLE_LOADER = "$(TEST_HOST)";
				CODE_SIGN_STYLE = Automatic;
				CURRENT_PROJECT_VERSION = 1;
				DEVELOPMENT_TEAM = P9NXT375QP;
				GENERATE_INFOPLIST_FILE = YES;
				IPHONEOS_DEPLOYMENT_TARGET = 17.5;
				MARKETING_VERSION = 1.0;
				PRODUCT_BUNDLE_IDENTIFIER = "com.jungguen.WhereToGo-HonamTests";
				PRODUCT_NAME = "$(TARGET_NAME)";
				SWIFT_EMIT_LOC_STRINGS = NO;
				SWIFT_VERSION = 5.0;
				TARGETED_DEVICE_FAMILY = "1,2";
				TEST_HOST = "$(BUILT_PRODUCTS_DIR)/WhereToGo_Honam.app/$(BUNDLE_EXECUTABLE_FOLDER_PATH)/WhereToGo_Honam";
			};
			name = Release;
		};
		9D7272972C2A5AAC00503BD9 /* Debug */ = {
			isa = XCBuildConfiguration;
			buildSettings = {
				ALWAYS_EMBED_SWIFT_STANDARD_LIBRARIES = YES;
				CODE_SIGN_STYLE = Automatic;
				CURRENT_PROJECT_VERSION = 1;
				DEVELOPMENT_TEAM = P9NXT375QP;
				GENERATE_INFOPLIST_FILE = YES;
				MARKETING_VERSION = 1.0;
				PRODUCT_BUNDLE_IDENTIFIER = "com.jungguen.WhereToGo-HonamUITests";
				PRODUCT_NAME = "$(TARGET_NAME)";
				SWIFT_EMIT_LOC_STRINGS = NO;
				SWIFT_VERSION = 5.0;
				TARGETED_DEVICE_FAMILY = "1,2";
				TEST_TARGET_NAME = WhereToGo_Honam;
			};
			name = Debug;
		};
		9D7272982C2A5AAC00503BD9 /* Release */ = {
			isa = XCBuildConfiguration;
			buildSettings = {
				ALWAYS_EMBED_SWIFT_STANDARD_LIBRARIES = YES;
				CODE_SIGN_STYLE = Automatic;
				CURRENT_PROJECT_VERSION = 1;
				DEVELOPMENT_TEAM = P9NXT375QP;
				GENERATE_INFOPLIST_FILE = YES;
				MARKETING_VERSION = 1.0;
				PRODUCT_BUNDLE_IDENTIFIER = "com.jungguen.WhereToGo-HonamUITests";
				PRODUCT_NAME = "$(TARGET_NAME)";
				SWIFT_EMIT_LOC_STRINGS = NO;
				SWIFT_VERSION = 5.0;
				TARGETED_DEVICE_FAMILY = "1,2";
				TEST_TARGET_NAME = WhereToGo_Honam;
			};
			name = Release;
		};
/* End XCBuildConfiguration section */

/* Begin XCConfigurationList section */
		9D72725E2C2A5AAA00503BD9 /* Build configuration list for PBXProject "WhereToGo_Honam" */ = {
			isa = XCConfigurationList;
			buildConfigurations = (
				9D72728E2C2A5AAC00503BD9 /* Debug */,
				9D72728F2C2A5AAC00503BD9 /* Release */,
			);
			defaultConfigurationIsVisible = 0;
			defaultConfigurationName = Release;
		};
		9D7272902C2A5AAC00503BD9 /* Build configuration list for PBXNativeTarget "WhereToGo_Honam" */ = {
			isa = XCConfigurationList;
			buildConfigurations = (
				9D7272912C2A5AAC00503BD9 /* Debug */,
				9D7272922C2A5AAC00503BD9 /* Release */,
			);
			defaultConfigurationIsVisible = 0;
			defaultConfigurationName = Release;
		};
		9D7272932C2A5AAC00503BD9 /* Build configuration list for PBXNativeTarget "WhereToGo_HonamTests" */ = {
			isa = XCConfigurationList;
			buildConfigurations = (
				9D7272942C2A5AAC00503BD9 /* Debug */,
				9D7272952C2A5AAC00503BD9 /* Release */,
			);
			defaultConfigurationIsVisible = 0;
			defaultConfigurationName = Release;
		};
		9D7272962C2A5AAC00503BD9 /* Build configuration list for PBXNativeTarget "WhereToGo_HonamUITests" */ = {
			isa = XCConfigurationList;
			buildConfigurations = (
				9D7272972C2A5AAC00503BD9 /* Debug */,
				9D7272982C2A5AAC00503BD9 /* Release */,
			);
			defaultConfigurationIsVisible = 0;
			defaultConfigurationName = Release;
		};
/* End XCConfigurationList section */

/* Begin XCVersionGroup section */
		9D72726F2C2A5AAA00503BD9 /* WhereToGo_Honam.xcdatamodeld */ = {
			isa = XCVersionGroup;
			children = (
				9D7272702C2A5AAA00503BD9 /* WhereToGo_Honam.xcdatamodel */,
			);
			currentVersion = 9D7272702C2A5AAA00503BD9 /* WhereToGo_Honam.xcdatamodel */;
			path = WhereToGo_Honam.xcdatamodeld;
			sourceTree = "<group>";
			versionGroupType = wrapper.xcdatamodel;
		};
/* End XCVersionGroup section */
	};
	rootObject = 9D72725B2C2A5AAA00503BD9 /* Project object */;
}
